<?xml version="1.0" encoding="utf-8"?>
<Project ToolsVersion="4.0" xmlns="http://schemas.microsoft.com/developer/msbuild/2003">
  <ItemGroup>
    <Filter Include="Source Files">
      <UniqueIdentifier>{4FC737F1-C7A5-4376-A066-2A32D752A2FF}</UniqueIdentifier>
      <Extensions>cpp;c;cc;cxx;c++;cppm;ixx;def;odl;idl;hpj;bat;asm;asmx</Extensions>
    </Filter>
    <Filter Include="Header Files">
      <UniqueIdentifier>{93995380-89BD-4b04-88EB-625FBE52EBFB}</UniqueIdentifier>
      <Extensions>h;hh;hpp;hxx;h++;hm;inl;inc;ipp;xsd</Extensions>
    </Filter>
    <Filter Include="Resource Files">
      <UniqueIdentifier>{67DA6AB6-F800-4c08-8B7A-83BB121AAD01}</UniqueIdentifier>
      <Extensions>rc;ico;cur;bmp;dlg;rc2;rct;bin;rgs;gif;jpg;jpeg;jpe;resx;tiff;tif;png;wav;mfcribbon-ms</Extensions>
    </Filter>
  </ItemGroup>
  <ItemGroup>
    <ClCompile Include="main.cpp">
      <Filter>Source Files</Filter>
    </ClCompile>
    <ClCompile Include="polygon\include\transform.cpp">
      <Filter>Source Files</Filter>
    </ClCompile>
    <ClCompile Include="polygon\include\shaders\shader.cpp">
      <Filter>Source Files</Filter>
    </ClCompile>
    <ClCompile Include="polygon\include\model\mesh.cpp">
      <Filter>Source Files</Filter>
    </ClCompile>
  </ItemGroup>
  <ItemGroup>
    <None Include="packages.config" />
    <None Include="polygon\include\shaders\sprite.vs" />
    <None Include="polygon\include\shaders\sprite.fs" />
  </ItemGroup>
  <ItemGroup>
    <ClInclude Include="polygon\include\node.hpp">
      <Filter>Header Files</Filter>
    </ClInclude>
    <ClInclude Include="polygon\include\type_definitions.hpp">
      <Filter>Header Files</Filter>
    </ClInclude>
    <ClInclude Include="polygon\include\scene.hpp">
      <Filter>Header Files</Filter>
    </ClInclude>
    <ClInclude Include="polygon\include\game_object.hpp">
      <Filter>Header Files</Filter>
    </ClInclude>
    <ClInclude Include="polygon\include\transform.hpp">
      <Filter>Header Files</Filter>
    </ClInclude>
    <ClInclude Include="polygon\include\shaders\shader.h">
      <Filter>Header Files</Filter>
    </ClInclude>
    <ClInclude Include="polygon\include\model\vertex.hpp">
      <Filter>Header Files</Filter>
    </ClInclude>
    <ClInclude Include="polygon\include\model\texture.hpp">
      <Filter>Header Files</Filter>
    </ClInclude>
    <ClInclude Include="polygon\include\model\mesh.h">
      <Filter>Header Files</Filter>
    </ClInclude>
    <ClInclude Include="polygon\include\texture2D.hpp">
      <Filter>Header Files</Filter>
    </ClInclude>
    <ClInclude Include="polygon\include\SpriteRenderer.hpp">
      <Filter>Header Files</Filter>
    </ClInclude>
    <ClInclude Include="polygon\include\nodes\sprite_renderer.hpp">
      <Filter>Header Files</Filter>
    </ClInclude>
    <ClInclude Include="polygon\include\ResourceManager.hpp">
      <Filter>Header Files</Filter>
    </ClInclude>
    <ClInclude Include="polygon\include\physics\physics.hpp">
      <Filter>Header Files</Filter>
    </ClInclude>
    <ClInclude Include="polygon\include\nodes\rigidbody.hpp">
      <Filter>Header Files</Filter>
    </ClInclude>
    <ClInclude Include="polygon\include\prototypes\prototypes.hpp">
      <Filter>Header Files</Filter>
    </ClInclude>
  </ItemGroup>
  <ItemGroup>
    <Image Include="..\..\..\..\Downloads\Ben.png">
      <Filter>Resource Files</Filter>
    </Image>
  </ItemGroup>
</Project>